
Microsoft Visual Studio Solution File, Format Version 12.00
# Visual Studio 14
VisualStudioVersion = 14.0.23107.0
MinimumVisualStudioVersion = 10.0.40219.1
Project("{FAE04EC0-301F-11D3-BF4B-00C04F79EFBC}") = "11_Cervera_ParImpar", "11_Cervera_ParImpar\11_Cervera_ParImpar.csproj", "{D3B8E515-2F18-41E4-B0A4-D0B8E6FB3868}"
EndProject
Global
	GlobalSection(SolutionConfigurationPlatforms) = preSolution
		Debug|Any CPU = Debug|Any CPU
		Release|Any CPU = Release|Any CPU
	EndGlobalSection
	GlobalSection(ProjectConfigurationPlatforms) = postSolution
		{D3B8E515-2F18-41E4-B0A4-D0B8E6FB3868}.Debug|Any CPU.ActiveCfg = Debug|Any CPU
		{D3B8E515-2F18-41E4-B0A4-D0B8E6FB3868}.Debug|Any CPU.Build.0 = Debug|Any CPU
		{D3B8E515-2F18-41E4-B0A4-D0B8E6FB3868}.Release|Any CPU.ActiveCfg = Release|Any CPU
		{D3B8E515-2F18-41E4-B0A4-D0B8E6FB3868}.Release|Any CPU.Build.0 = Release|Any CPU
	EndGlobalSection
	GlobalSection(SolutionProperties) = preSolution
		HideSolutionNode = FALSE
	EndGlobalSection
EndGlobal
